
Microsoft Visual Studio Solution File, Format Version 12.00
# Visual Studio Version 16
VisualStudioVersion = 16.0.30204.135
MinimumVisualStudioVersion = 10.0.40219.1
Project("{FAE04EC0-301F-11D3-BF4B-00C04F79EFBC}") = "BombChallenge", "BombChallenge\BombChallenge.csproj", "{F1A911CE-C137-44AC-AFDC-814D7E011EB5}"
EndProject
Project("{FAE04EC0-301F-11D3-BF4B-00C04F79EFBC}") = "BombChallengeTests", "BombChallengeTests\BombChallengeTests.csproj", "{E9E861FC-C4E0-4318-8175-AEC96718E97E}"
EndProject
Global
	GlobalSection(SolutionConfigurationPlatforms) = preSolution
		Debug|Any CPU = Debug|Any CPU
		Release|Any CPU = Release|Any CPU
	EndGlobalSection
	GlobalSection(ProjectConfigurationPlatforms) = postSolution
		{F1A911CE-C137-44AC-AFDC-814D7E011EB5}.Debug|Any CPU.ActiveCfg = Debug|Any CPU
		{F1A911CE-C137-44AC-AFDC-814D7E011EB5}.Debug|Any CPU.Build.0 = Debug|Any CPU
		{F1A911CE-C137-44AC-AFDC-814D7E011EB5}.Release|Any CPU.ActiveCfg = Release|Any CPU
		{F1A911CE-C137-44AC-AFDC-814D7E011EB5}.Release|Any CPU.Build.0 = Release|Any CPU
		{E9E861FC-C4E0-4318-8175-AEC96718E97E}.Debug|Any CPU.ActiveCfg = Debug|Any CPU
		{E9E861FC-C4E0-4318-8175-AEC96718E97E}.Debug|Any CPU.Build.0 = Debug|Any CPU
		{E9E861FC-C4E0-4318-8175-AEC96718E97E}.Release|Any CPU.ActiveCfg = Release|Any CPU
		{E9E861FC-C4E0-4318-8175-AEC96718E97E}.Release|Any CPU.Build.0 = Release|Any CPU
	EndGlobalSection
	GlobalSection(SolutionProperties) = preSolution
		HideSolutionNode = FALSE
	EndGlobalSection
	GlobalSection(ExtensibilityGlobals) = postSolution
		SolutionGuid = {17929857-B1A9-4B8B-A11A-D9C634434523}
	EndGlobalSection
EndGlobal
